
Microsoft Visual Studio Solution File, Format Version 12.00
# Visual Studio Version 16
VisualStudioVersion = 16.0.30503.244
MinimumVisualStudioVersion = 10.0.40219.1
Project("{FAE04EC0-301F-11D3-BF4B-00C04F79EFBC}") = "SelenuimTest", "SelenuimTest\SelenuimTest.csproj", "{5463D3BF-5FBC-4E69-B2C7-20E947FB6C1C}"
EndProject
Global
	GlobalSection(SolutionConfigurationPlatforms) = preSolution
		Debug|Any CPU = Debug|Any CPU
		Release|Any CPU = Release|Any CPU
	EndGlobalSection
	GlobalSection(ProjectConfigurationPlatforms) = postSolution
		{5463D3BF-5FBC-4E69-B2C7-20E947FB6C1C}.Debug|Any CPU.ActiveCfg = Debug|Any CPU
		{5463D3BF-5FBC-4E69-B2C7-20E947FB6C1C}.Debug|Any CPU.Build.0 = Debug|Any CPU
		{5463D3BF-5FBC-4E69-B2C7-20E947FB6C1C}.Release|Any CPU.ActiveCfg = Release|Any CPU
		{5463D3BF-5FBC-4E69-B2C7-20E947FB6C1C}.Release|Any CPU.Build.0 = Release|Any CPU
	EndGlobalSection
	GlobalSection(SolutionProperties) = preSolution
		HideSolutionNode = FALSE
	EndGlobalSection
	GlobalSection(ExtensibilityGlobals) = postSolution
		SolutionGuid = {CE1E5A22-B7F1-422B-8534-0975238F2C78}
	EndGlobalSection
EndGlobal
